
Microsoft Visual Studio Solution File, Format Version 12.00
# Visual Studio Version 16
VisualStudioVersion = 16.0.29609.76
MinimumVisualStudioVersion = 10.0.40219.1
Project("{9A19103F-16F7-4668-BE54-9A1E7A4F7556}") = "Circustrein", "Circustrein\Circustrein.csproj", "{AD56B40D-B843-41BC-9346-5B8BC231FCE9}"
EndProject
Project("{FAE04EC0-301F-11D3-BF4B-00C04F79EFBC}") = "Circustrein.Test", "Circustrein.Test\Circustrein.Test.csproj", "{F7EE093B-937A-4F4D-8D68-6F7DD8304E5F}"
EndProject
Global
	GlobalSection(SolutionConfigurationPlatforms) = preSolution
		Debug|Any CPU = Debug|Any CPU
		Release|Any CPU = Release|Any CPU
	EndGlobalSection
	GlobalSection(ProjectConfigurationPlatforms) = postSolution
		{AD56B40D-B843-41BC-9346-5B8BC231FCE9}.Debug|Any CPU.ActiveCfg = Debug|Any CPU
		{AD56B40D-B843-41BC-9346-5B8BC231FCE9}.Debug|Any CPU.Build.0 = Debug|Any CPU
		{AD56B40D-B843-41BC-9346-5B8BC231FCE9}.Release|Any CPU.ActiveCfg = Release|Any CPU
		{AD56B40D-B843-41BC-9346-5B8BC231FCE9}.Release|Any CPU.Build.0 = Release|Any CPU
		{F7EE093B-937A-4F4D-8D68-6F7DD8304E5F}.Debug|Any CPU.ActiveCfg = Debug|Any CPU
		{F7EE093B-937A-4F4D-8D68-6F7DD8304E5F}.Debug|Any CPU.Build.0 = Debug|Any CPU
		{F7EE093B-937A-4F4D-8D68-6F7DD8304E5F}.Release|Any CPU.ActiveCfg = Release|Any CPU
		{F7EE093B-937A-4F4D-8D68-6F7DD8304E5F}.Release|Any CPU.Build.0 = Release|Any CPU
	EndGlobalSection
	GlobalSection(SolutionProperties) = preSolution
		HideSolutionNode = FALSE
	EndGlobalSection
	GlobalSection(ExtensibilityGlobals) = postSolution
		SolutionGuid = {E4ACD9E8-C277-4B3A-94E5-BF4DC5C90731}
	EndGlobalSection
EndGlobal
