
Microsoft Visual Studio Solution File, Format Version 12.00
# Visual Studio Version 16
VisualStudioVersion = 16.0.29806.167
MinimumVisualStudioVersion = 10.0.40219.1
Project("{9A19103F-16F7-4668-BE54-9A1E7A4F7556}") = "Logic", "Logic\Logic.csproj", "{33B521B3-C0DC-4301-B0DA-677640447A27}"
EndProject
Project("{FAE04EC0-301F-11D3-BF4B-00C04F79EFBC}") = "FormUI", "FormUI\FormUI.csproj", "{5265ED8F-BF58-43E3-B3C3-7175113254C3}"
EndProject
Project("{FAE04EC0-301F-11D3-BF4B-00C04F79EFBC}") = "Test", "Test\Test.csproj", "{9BB179D4-40C4-40CC-8AD8-729FCD89C978}"
EndProject
Global
	GlobalSection(SolutionConfigurationPlatforms) = preSolution
		Debug|Any CPU = Debug|Any CPU
		Release|Any CPU = Release|Any CPU
	EndGlobalSection
	GlobalSection(ProjectConfigurationPlatforms) = postSolution
		{33B521B3-C0DC-4301-B0DA-677640447A27}.Debug|Any CPU.ActiveCfg = Debug|Any CPU
		{33B521B3-C0DC-4301-B0DA-677640447A27}.Debug|Any CPU.Build.0 = Debug|Any CPU
		{33B521B3-C0DC-4301-B0DA-677640447A27}.Release|Any CPU.ActiveCfg = Release|Any CPU
		{33B521B3-C0DC-4301-B0DA-677640447A27}.Release|Any CPU.Build.0 = Release|Any CPU
		{5265ED8F-BF58-43E3-B3C3-7175113254C3}.Debug|Any CPU.ActiveCfg = Debug|Any CPU
		{5265ED8F-BF58-43E3-B3C3-7175113254C3}.Debug|Any CPU.Build.0 = Debug|Any CPU
		{5265ED8F-BF58-43E3-B3C3-7175113254C3}.Release|Any CPU.ActiveCfg = Release|Any CPU
		{5265ED8F-BF58-43E3-B3C3-7175113254C3}.Release|Any CPU.Build.0 = Release|Any CPU
		{9BB179D4-40C4-40CC-8AD8-729FCD89C978}.Debug|Any CPU.ActiveCfg = Debug|Any CPU
		{9BB179D4-40C4-40CC-8AD8-729FCD89C978}.Debug|Any CPU.Build.0 = Debug|Any CPU
		{9BB179D4-40C4-40CC-8AD8-729FCD89C978}.Release|Any CPU.ActiveCfg = Release|Any CPU
		{9BB179D4-40C4-40CC-8AD8-729FCD89C978}.Release|Any CPU.Build.0 = Release|Any CPU
	EndGlobalSection
	GlobalSection(SolutionProperties) = preSolution
		HideSolutionNode = FALSE
	EndGlobalSection
	GlobalSection(ExtensibilityGlobals) = postSolution
		SolutionGuid = {5D5FCA8B-2243-4902-9F93-62DF7556F6E4}
	EndGlobalSection
EndGlobal
